PODS:
  - AEXML (4.3.3)
  - FNFolioReaderKit (2.0.0):
    - AEXML (= 4.3.3)
    - FontBlaster (= 4.1.0)
    - MenuItemKit (= 3.1.3)
    - Realm (= 10.5.2)
    - RealmSwift (= 10.5.2)
    - SSZipArchive (= 2.2.3)
    - ZFDragableModalTransition (= 0.6)
  - FontBlaster (4.1.0)
  - MenuItemKit (3.1.3)
  - Nimble (7.3.1)
  - Quick (1.3.2)
  - Realm (10.5.2):
    - Realm/Headers (= 10.5.2)
  - Realm/Headers (10.5.2)
  - RealmSwift (10.5.2):
    - Realm (= 10.5.2)
  - SSZipArchive (2.2.3)
  - ZFDragableModalTransition (0.6)

DEPENDENCIES:
  - FNFolioReaderKit (from `../`)
  - Nimble (= 7.3.1)
  - Quick (= 1.3.2)

SPEC REPOS:
  trunk:
    - AEXML
    - FontBlaster
    - MenuItemKit
    - Nimble
    - Quick
    - Realm
    - RealmSwift
    - SSZipArchive
    - ZFDragableModalTransition

EXTERNAL SOURCES:
  FNFolioReaderKit:
    :path: "../"

SPEC CHECKSUMS:
  AEXML: 601f41fcaa7bda7605cad153b0f43db9ec006c0f
  FNFolioReaderKit: 2a715e2da3aa01679c34ed29e5658c96e590f8b5
  FontBlaster: 127aa66419478d1c62926c7fdb39841633344a45
  MenuItemKit: 0f850e630b0a3d2bd80fec54db87ce0d2077ada2
  Nimble: 04f732da099ea4d153122aec8c2a88fd0c7219ae
  Quick: 2623cb30d7a7f41ca62f684f679586558f483d46
  Realm: 2e1bc0d28301006176692da234deff51f867d5ae
  RealmSwift: a522ad39715e8b4e491af4460059bc32b84f5a9b
  SSZipArchive: 62d4947b08730e4cda640473b0066d209ff033c9
  ZFDragableModalTransition: 0d294eaaba6edfcb9839595de765f9ca06a4b524

PODFILE CHECKSUM: 549bec94b2516a886f1c49065de825b79e07e47d

COCOAPODS: 1.11.3
